// !$*UTF8*$!
{
	archiveVersion = 1;
	classes = {
	};
	objectVersion = 77;
	objects = {

/* Begin PBXBuildFile section */
		066AC9BE65ED0A14C823CCF3 /* LoggerView.swift in Sources */ = {isa = PBXBuildFile; fileRef = 961A15E36FFD8100A587394A /* LoggerView.swift */; };
		1138FD2C91812044D8F2DCB5 /* AppRouter.swift in Sources */ = {isa = PBXBuildFile; fileRef = 9C1EC7728156D088D434458D /* AppRouter.swift */; };
		2212C5E2E74FF1C95D1701E2 /* MapSearchService.swift in Sources */ = {isa = PBXBuildFile; fileRef = ADF1829E602E040FFA4A853D /* MapSearchService.swift */; };
		267FC2D1F3FC824223CEA3D3 /* PubDetectionService.swift in Sources */ = {isa = PBXBuildFile; fileRef = 88283B675B673675612C07FB /* PubDetectionService.swift */; };
		3048E630B187173DA350D215 /* EntryCard.swift in Sources */ = {isa = PBXBuildFile; fileRef = 688129E744AED38CAEDEF0EF /* EntryCard.swift */; };
		32098A36EE2C8F554C5414F3 /* BackupService.swift in Sources */ = {isa = PBXBuildFile; fileRef = 0F246F525D2A6456B6A02899 /* BackupService.swift */; };
		3BA839AE9729475A4520927C /* ParmaMasterTests.swift in Sources */ = {isa = PBXBuildFile; fileRef = DC3EA81496444F192A65018D /* ParmaMasterTests.swift */; };
		40440C55F6A44953BDB9EDD6 /* RatingModels.swift in Sources */ = {isa = PBXBuildFile; fileRef = 0B63B5DE4D62B5E3111DD4DD /* RatingModels.swift */; };
		40CCD0ACD77E1A39788A5CDB /* BackupResetSettingsView.swift in Sources */ = {isa = PBXBuildFile; fileRef = 640DCC4F9396036DE0738E60 /* BackupResetSettingsView.swift */; };
		460B11E1E304BB346F0E465C /* NotificationService.swift in Sources */ = {isa = PBXBuildFile; fileRef = FFE7120B7CA31F923BE8B68C /* NotificationService.swift */; };
		5245841FD10BC3695B5F85D6 /* OnboardingFlowView.swift in Sources */ = {isa = PBXBuildFile; fileRef = 1F102B71A0B88384400ACD1D /* OnboardingFlowView.swift */; };
		5A33701AC4C3247A1EC89687 /* SettingsView.swift in Sources */ = {isa = PBXBuildFile; fileRef = 9EBDE88F5834503B9AB59690 /* SettingsView.swift */; };
		62D3986BDD26167C0A3272B4 /* AppSettings.swift in Sources */ = {isa = PBXBuildFile; fileRef = 3721FF99CF8D272D171BE3F4 /* AppSettings.swift */; };
		65F9D999D76780BEA41E495B /* CameraPicker.swift in Sources */ = {isa = PBXBuildFile; fileRef = 735AA8140169FDDBDD44C9A7 /* CameraPicker.swift */; };
		669C6766820B7CCE80FFDCEB /* BackupPayload.swift in Sources */ = {isa = PBXBuildFile; fileRef = 5E99DE46396072CA66E5E832 /* BackupPayload.swift */; };
		69FE5F3F72EE7D19DEE9CCE4 /* SearchEntriesView.swift in Sources */ = {isa = PBXBuildFile; fileRef = D764ECCB107B06C8A78C96AD /* SearchEntriesView.swift */; };
		79128168EB24C4EF78B6ECCE /* BrandedHeading.swift in Sources */ = {isa = PBXBuildFile; fileRef = 116C4B06D7C73E510A8E63F0 /* BrandedHeading.swift */; };
		836EA376FDB67B6B0A81E485 /* RootView.swift in Sources */ = {isa = PBXBuildFile; fileRef = A6AFB4FCE53343C9E9452AF0 /* RootView.swift */; };
		881FD69523D2456C206DF789 /* ParmaEntry.swift in Sources */ = {isa = PBXBuildFile; fileRef = 85028E5824A5C50F4FD17037 /* ParmaEntry.swift */; };
		88413C6970B04B204AFC83D4 /* StoredPhotoView.swift in Sources */ = {isa = PBXBuildFile; fileRef = 042BD46D3236D5F59C4CC761 /* StoredPhotoView.swift */; };
		8DD00E820B50949214E9BB2C /* ParmaMasterUITests.swift in Sources */ = {isa = PBXBuildFile; fileRef = 8C56003924358C1043B0507D /* ParmaMasterUITests.swift */; };
		90795F2E18D1A6C1687D6808 /* ScoreDisplay.swift in Sources */ = {isa = PBXBuildFile; fileRef = 9EC4BBA08AF920DCCA2AE559 /* ScoreDisplay.swift */; };
		9BDD68AD1D280766941E604B /* ParmaMasterApp.swift in Sources */ = {isa = PBXBuildFile; fileRef = AF6A63009B3FD9A037ABF5A7 /* ParmaMasterApp.swift */; };
		9E19221BC2497F51BB483377 /* Assets.xcassets in Resources */ = {isa = PBXBuildFile; fileRef = AD0780C85DA71A117F6D7CBA /* Assets.xcassets */; };
		A1043C48E34F88BD3B9B8D85 /* ComponentScoreRow.swift in Sources */ = {isa = PBXBuildFile; fileRef = 2BD664F2760615317E8B7681 /* ComponentScoreRow.swift */; };
		A7AB29F13A7A44FB9D9CD0BF /* AspectFillImage.swift in Sources */ = {isa = PBXBuildFile; fileRef = 53EF6A7EDBDD70CCB0C1715C /* AspectFillImage.swift */; };
		AA05CDAAFB151B6F62E4156A /* VenueCandidate.swift in Sources */ = {isa = PBXBuildFile; fileRef = 06FB5D583E3B3D32E35E0DB4 /* VenueCandidate.swift */; };
		B8F342CE3D48AC1F2A8AE08D /* ParmaDetailsView.swift in Sources */ = {isa = PBXBuildFile; fileRef = B296C133B9E80B36ED606264 /* ParmaDetailsView.swift */; };
		BF91A7F28B04C537BF9BACAA /* OFL.txt in Resources */ = {isa = PBXBuildFile; fileRef = 56FA9FCE5DB667D681B553AB /* OFL.txt */; };
		C0C131319F726FDA6E411291 /* BrandStyle.swift in Sources */ = {isa = PBXBuildFile; fileRef = 1210EA1EC0D5B71A5EC7CA39 /* BrandStyle.swift */; };
		C144696961CE65A5DD3FED95 /* AppearanceSettingsView.swift in Sources */ = {isa = PBXBuildFile; fileRef = E461511266F4FD4C3D7867BA /* AppearanceSettingsView.swift */; };
		CC32EC031D835DD06586D549 /* DMSerifDisplay-Regular.ttf in Resources */ = {isa = PBXBuildFile; fileRef = B80FC074FEC18457630BAC34 /* DMSerifDisplay-Regular.ttf */; };
		D39BE49236572F3529F2EDCB /* SortMenu.swift in Sources */ = {isa = PBXBuildFile; fileRef = 07A9B76195888B938BE706A3 /* SortMenu.swift */; };
		D874D58DB473A4A99AD01964 /* HomeView.swift in Sources */ = {isa = PBXBuildFile; fileRef = 9FCF0CE5871DB1822C10F000 /* HomeView.swift */; };
		DA6E17DF9269FA89239AC837 /* PhotoStore.swift in Sources */ = {isa = PBXBuildFile; fileRef = 5746FEB1E1083A180C7037BB /* PhotoStore.swift */; };
		DFFCE2D0DFD8C6365C8C5BD6 /* EmptyStateView.swift in Sources */ = {isa = PBXBuildFile; fileRef = 496529C70AF75EFB4E0474A0 /* EmptyStateView.swift */; };
		E47EFB882FD04F80935D8DDA /* LoggerSettingsView.swift in Sources */ = {isa = PBXBuildFile; fileRef = B3B72911C0E6A48CE60EE9CA /* LoggerSettingsView.swift */; };
		E65FE881603EF85575EF8D42 /* BehaviourSettingsView.swift in Sources */ = {isa = PBXBuildFile; fileRef = 51A5384166B7A02DBA907A3F /* BehaviourSettingsView.swift */; };
		EA57807209718DE7606819FC /* ParmaLogView.swift in Sources */ = {isa = PBXBuildFile; fileRef = 24A124F0491E06A4D4A17E3C /* ParmaLogView.swift */; };
		ED8EBF051832CAC2267FBA89 /* EntryRepository.swift in Sources */ = {isa = PBXBuildFile; fileRef = 5227DC10A178BA15B21E7E90 /* EntryRepository.swift */; };
		F65066F55302A368C0D9898B /* LocationPickerView.swift in Sources */ = {isa = PBXBuildFile; fileRef = EEC59AE87F6D1C492933CA5B /* LocationPickerView.swift */; };
		FE49D193ACBCB5279FC62F56 /* LocationService.swift in Sources */ = {isa = PBXBuildFile; fileRef = 2B59DFE6728640854A750B30 /* LocationService.swift */; };
/* End PBXBuildFile section */

/* Begin PBXContainerItemProxy section */
		0EC43700A931FC17DC01BF0D /* PBXContainerItemProxy */ = {
			isa = PBXContainerItemProxy;
			containerPortal = 0DBDBA717508C17E8CA456F8 /* Project object */;
			proxyType = 1;
			remoteGlobalIDString = 5199AE7178AB17E24281C17A;
			remoteInfo = ParmaMaster;
		};
		C3773955B3AEC0BC6C3CA9C0 /* PBXContainerItemProxy */ = {
			isa = PBXContainerItemProxy;
			containerPortal = 0DBDBA717508C17E8CA456F8 /* Project object */;
			proxyType = 1;
			remoteGlobalIDString = 5199AE7178AB17E24281C17A;
			remoteInfo = ParmaMaster;
		};
/* End PBXContainerItemProxy section */

/* Begin PBXFileReference section */
		042BD46D3236D5F59C4CC761 /* StoredPhotoView.swift */ = {isa = PBXFileReference; lastKnownFileType = sourcecode.swift; path = StoredPhotoView.swift; sourceTree = "<group>"; };
		06FB5D583E3B3D32E35E0DB4 /* VenueCandidate.swift */ = {isa = PBXFileReference; lastKnownFileType = sourcecode.swift; path = VenueCandidate.swift; sourceTree = "<group>"; };
		07A9B76195888B938BE706A3 /* SortMenu.swift */ = {isa = PBXFileReference; lastKnownFileType = sourcecode.swift; path = SortMenu.swift; sourceTree = "<group>"; };
		0B63B5DE4D62B5E3111DD4DD /* RatingModels.swift */ = {isa = PBXFileReference; lastKnownFileType = sourcecode.swift; path = RatingModels.swift; sourceTree = "<group>"; };
		0F246F525D2A6456B6A02899 /* BackupService.swift */ = {isa = PBXFileReference; lastKnownFileType = sourcecode.swift; path = BackupService.swift; sourceTree = "<group>"; };
		116C4B06D7C73E510A8E63F0 /* BrandedHeading.swift */ = {isa = PBXFileReference; lastKnownFileType = sourcecode.swift; path = BrandedHeading.swift; sourceTree = "<group>"; };
		1210EA1EC0D5B71A5EC7CA39 /* BrandStyle.swift */ = {isa = PBXFileReference; lastKnownFileType = sourcecode.swift; path = BrandStyle.swift; sourceTree = "<group>"; };
		1F102B71A0B88384400ACD1D /* OnboardingFlowView.swift */ = {isa = PBXFileReference; lastKnownFileType = sourcecode.swift; path = OnboardingFlowView.swift; sourceTree = "<group>"; };
		22768068DF407CA3995EFE5E /* ParmaMasterUITests.xctest */ = {isa = PBXFileReference; includeInIndex = 0; lastKnownFileType = wrapper.cfbundle; path = ParmaMasterUITests.xctest; sourceTree = BUILT_PRODUCTS_DIR; };
		24A124F0491E06A4D4A17E3C /* ParmaLogView.swift */ = {isa = PBXFileReference; lastKnownFileType = sourcecode.swift; path = ParmaLogView.swift; sourceTree = "<group>"; };
		2B59DFE6728640854A750B30 /* LocationService.swift */ = {isa = PBXFileReference; lastKnownFileType = sourcecode.swift; path = LocationService.swift; sourceTree = "<group>"; };
		2BD664F2760615317E8B7681 /* ComponentScoreRow.swift */ = {isa = PBXFileReference; lastKnownFileType = sourcecode.swift; path = ComponentScoreRow.swift; sourceTree = "<group>"; };
		3721FF99CF8D272D171BE3F4 /* AppSettings.swift */ = {isa = PBXFileReference; lastKnownFileType = sourcecode.swift; path = AppSettings.swift; sourceTree = "<group>"; };
		496529C70AF75EFB4E0474A0 /* EmptyStateView.swift */ = {isa = PBXFileReference; lastKnownFileType = sourcecode.swift; path = EmptyStateView.swift; sourceTree = "<group>"; };
		4F8332D7B5F5D2805C3B7DCE /* ParmaMasterTests.xctest */ = {isa = PBXFileReference; includeInIndex = 0; lastKnownFileType = wrapper.cfbundle; path = ParmaMasterTests.xctest; sourceTree = BUILT_PRODUCTS_DIR; };
		51A5384166B7A02DBA907A3F /* BehaviourSettingsView.swift */ = {isa = PBXFileReference; lastKnownFileType = sourcecode.swift; path = BehaviourSettingsView.swift; sourceTree = "<group>"; };
		5227DC10A178BA15B21E7E90 /* EntryRepository.swift */ = {isa = PBXFileReference; lastKnownFileType = sourcecode.swift; path = EntryRepository.swift; sourceTree = "<group>"; };
		53EF6A7EDBDD70CCB0C1715C /* AspectFillImage.swift */ = {isa = PBXFileReference; lastKnownFileType = sourcecode.swift; path = AspectFillImage.swift; sourceTree = "<group>"; };
		56FA9FCE5DB667D681B553AB /* OFL.txt */ = {isa = PBXFileReference; lastKnownFileType = text; path = OFL.txt; sourceTree = "<group>"; };
		5746FEB1E1083A180C7037BB /* PhotoStore.swift */ = {isa = PBXFileReference; lastKnownFileType = sourcecode.swift; path = PhotoStore.swift; sourceTree = "<group>"; };
		5E99DE46396072CA66E5E832 /* BackupPayload.swift */ = {isa = PBXFileReference; lastKnownFileType = sourcecode.swift; path = BackupPayload.swift; sourceTree = "<group>"; };
		640DCC4F9396036DE0738E60 /* BackupResetSettingsView.swift */ = {isa = PBXFileReference; lastKnownFileType = sourcecode.swift; path = BackupResetSettingsView.swift; sourceTree = "<group>"; };
		688129E744AED38CAEDEF0EF /* EntryCard.swift */ = {isa = PBXFileReference; lastKnownFileType = sourcecode.swift; path = EntryCard.swift; sourceTree = "<group>"; };
		735AA8140169FDDBDD44C9A7 /* CameraPicker.swift */ = {isa = PBXFileReference; lastKnownFileType = sourcecode.swift; path = CameraPicker.swift; sourceTree = "<group>"; };
		85028E5824A5C50F4FD17037 /* ParmaEntry.swift */ = {isa = PBXFileReference; lastKnownFileType = sourcecode.swift; path = ParmaEntry.swift; sourceTree = "<group>"; };
		88283B675B673675612C07FB /* PubDetectionService.swift */ = {isa = PBXFileReference; lastKnownFileType = sourcecode.swift; path = PubDetectionService.swift; sourceTree = "<group>"; };
		8C56003924358C1043B0507D /* ParmaMasterUITests.swift */ = {isa = PBXFileReference; lastKnownFileType = sourcecode.swift; path = ParmaMasterUITests.swift; sourceTree = "<group>"; };
		961A15E36FFD8100A587394A /* LoggerView.swift */ = {isa = PBXFileReference; lastKnownFileType = sourcecode.swift; path = LoggerView.swift; sourceTree = "<group>"; };
		9AC293306AD1C85D1C6BB810 /* ParmaMaster.app */ = {isa = PBXFileReference; includeInIndex = 0; lastKnownFileType = wrapper.application; path = ParmaMaster.app; sourceTree = BUILT_PRODUCTS_DIR; };
		9C1EC7728156D088D434458D /* AppRouter.swift */ = {isa = PBXFileReference; lastKnownFileType = sourcecode.swift; path = AppRouter.swift; sourceTree = "<group>"; };
		9EBDE88F5834503B9AB59690 /* SettingsView.swift */ = {isa = PBXFileReference; lastKnownFileType = sourcecode.swift; path = SettingsView.swift; sourceTree = "<group>"; };
		9EC4BBA08AF920DCCA2AE559 /* ScoreDisplay.swift */ = {isa = PBXFileReference; lastKnownFileType = sourcecode.swift; path = ScoreDisplay.swift; sourceTree = "<group>"; };
		9FCF0CE5871DB1822C10F000 /* HomeView.swift */ = {isa = PBXFileReference; lastKnownFileType = sourcecode.swift; path = HomeView.swift; sourceTree = "<group>"; };
		A6AFB4FCE53343C9E9452AF0 /* RootView.swift */ = {isa = PBXFileReference; lastKnownFileType = sourcecode.swift; path = RootView.swift; sourceTree = "<group>"; };
		AD0780C85DA71A117F6D7CBA /* Assets.xcassets */ = {isa = PBXFileReference; lastKnownFileType = folder.assetcatalog; path = Assets.xcassets; sourceTree = "<group>"; };
		ADF1829E602E040FFA4A853D /* MapSearchService.swift */ = {isa = PBXFileReference; lastKnownFileType = sourcecode.swift; path = MapSearchService.swift; sourceTree = "<group>"; };
		AF6A63009B3FD9A037ABF5A7 /* ParmaMasterApp.swift */ = {isa = PBXFileReference; lastKnownFileType = sourcecode.swift; path = ParmaMasterApp.swift; sourceTree = "<group>"; };
		B296C133B9E80B36ED606264 /* ParmaDetailsView.swift */ = {isa = PBXFileReference; lastKnownFileType = sourcecode.swift; path = ParmaDetailsView.swift; sourceTree = "<group>"; };
		B3B72911C0E6A48CE60EE9CA /* LoggerSettingsView.swift */ = {isa = PBXFileReference; lastKnownFileType = sourcecode.swift; path = LoggerSettingsView.swift; sourceTree = "<group>"; };
		B80FC074FEC18457630BAC34 /* DMSerifDisplay-Regular.ttf */ = {isa = PBXFileReference; lastKnownFileType = file; path = "DMSerifDisplay-Regular.ttf"; sourceTree = "<group>"; };
		D764ECCB107B06C8A78C96AD /* SearchEntriesView.swift */ = {isa = PBXFileReference; lastKnownFileType = sourcecode.swift; path = SearchEntriesView.swift; sourceTree = "<group>"; };
		DC3EA81496444F192A65018D /* ParmaMasterTests.swift */ = {isa = PBXFileReference; lastKnownFileType = sourcecode.swift; path = ParmaMasterTests.swift; sourceTree = "<group>"; };
		E461511266F4FD4C3D7867BA /* AppearanceSettingsView.swift */ = {isa = PBXFileReference; lastKnownFileType = sourcecode.swift; path = AppearanceSettingsView.swift; sourceTree = "<group>"; };
		EEC59AE87F6D1C492933CA5B /* LocationPickerView.swift */ = {isa = PBXFileReference; lastKnownFileType = sourcecode.swift; path = LocationPickerView.swift; sourceTree = "<group>"; };
		FFE7120B7CA31F923BE8B68C /* NotificationService.swift */ = {isa = PBXFileReference; lastKnownFileType = sourcecode.swift; path = NotificationService.swift; sourceTree = "<group>"; };
/* End PBXFileReference section */

/* Begin PBXGroup section */
		00155D0B6164B62972689E10 /* Features */ = {
			isa = PBXGroup;
			children = (
				5790A89CF92656FA452F2AE9 /* Details */,
				3F53290F33248B23A5D359F0 /* Home */,
				BAF7C76B71AB30A573F14DDA /* Logger */,
				7C7E30089DF99FBF4D0AE91A /* Onboarding */,
				3047EE90433534B14810068F /* ParmaLog */,
				398ABE0D0C1E2AB90BDAD9F5 /* Search */,
				B20E8C1A10BF697ED88DC820 /* Settings */,
			);
			path = Features;
			sourceTree = "<group>";
		};
		26D8F7BF49D908C2FDFA8413 /* Services */ = {
			isa = PBXGroup;
			children = (
				0F246F525D2A6456B6A02899 /* BackupService.swift */,
				5227DC10A178BA15B21E7E90 /* EntryRepository.swift */,
				2B59DFE6728640854A750B30 /* LocationService.swift */,
				ADF1829E602E040FFA4A853D /* MapSearchService.swift */,
				FFE7120B7CA31F923BE8B68C /* NotificationService.swift */,
				5746FEB1E1083A180C7037BB /* PhotoStore.swift */,
				88283B675B673675612C07FB /* PubDetectionService.swift */,
			);
			path = Services;
			sourceTree = "<group>";
		};
		3047EE90433534B14810068F /* ParmaLog */ = {
			isa = PBXGroup;
			children = (
				24A124F0491E06A4D4A17E3C /* ParmaLogView.swift */,
			);
			path = ParmaLog;
			sourceTree = "<group>";
		};
		398ABE0D0C1E2AB90BDAD9F5 /* Search */ = {
			isa = PBXGroup;
			children = (
				D764ECCB107B06C8A78C96AD /* SearchEntriesView.swift */,
			);
			path = Search;
			sourceTree = "<group>";
		};
		39C26FC9A7EB655EDB15B11A /* Models */ = {
			isa = PBXGroup;
			children = (
				3721FF99CF8D272D171BE3F4 /* AppSettings.swift */,
				5E99DE46396072CA66E5E832 /* BackupPayload.swift */,
				85028E5824A5C50F4FD17037 /* ParmaEntry.swift */,
				0B63B5DE4D62B5E3111DD4DD /* RatingModels.swift */,
				06FB5D583E3B3D32E35E0DB4 /* VenueCandidate.swift */,
			);
			path = Models;
			sourceTree = "<group>";
		};
		3BE82B241589C13EB2D07673 /* Components */ = {
			isa = PBXGroup;
			children = (
				53EF6A7EDBDD70CCB0C1715C /* AspectFillImage.swift */,
				116C4B06D7C73E510A8E63F0 /* BrandedHeading.swift */,
				2BD664F2760615317E8B7681 /* ComponentScoreRow.swift */,
				496529C70AF75EFB4E0474A0 /* EmptyStateView.swift */,
				688129E744AED38CAEDEF0EF /* EntryCard.swift */,
				9EC4BBA08AF920DCCA2AE559 /* ScoreDisplay.swift */,
				07A9B76195888B938BE706A3 /* SortMenu.swift */,
				042BD46D3236D5F59C4CC761 /* StoredPhotoView.swift */,
			);
			path = Components;
			sourceTree = "<group>";
		};
		3F53290F33248B23A5D359F0 /* Home */ = {
			isa = PBXGroup;
			children = (
				9FCF0CE5871DB1822C10F000 /* HomeView.swift */,
			);
			path = Home;
			sourceTree = "<group>";
		};
		446AB3D710641B1614550EBA /* Products */ = {
			isa = PBXGroup;
			children = (
				9AC293306AD1C85D1C6BB810 /* ParmaMaster.app */,
				4F8332D7B5F5D2805C3B7DCE /* ParmaMasterTests.xctest */,
				22768068DF407CA3995EFE5E /* ParmaMasterUITests.xctest */,
			);
			name = Products;
			sourceTree = "<group>";
		};
		5790A89CF92656FA452F2AE9 /* Details */ = {
			isa = PBXGroup;
			children = (
				B296C133B9E80B36ED606264 /* ParmaDetailsView.swift */,
			);
			path = Details;
			sourceTree = "<group>";
		};
		6124E4599E6A548905649698 /* App */ = {
			isa = PBXGroup;
			children = (
				9C1EC7728156D088D434458D /* AppRouter.swift */,
				AF6A63009B3FD9A037ABF5A7 /* ParmaMasterApp.swift */,
				A6AFB4FCE53343C9E9452AF0 /* RootView.swift */,
			);
			path = App;
			sourceTree = "<group>";
		};
		7C7E30089DF99FBF4D0AE91A /* Onboarding */ = {
			isa = PBXGroup;
			children = (
				1F102B71A0B88384400ACD1D /* OnboardingFlowView.swift */,
			);
			path = Onboarding;
			sourceTree = "<group>";
		};
		8B1F2FC311220B8355A6BBB8 /* Styling */ = {
			isa = PBXGroup;
			children = (
				1210EA1EC0D5B71A5EC7CA39 /* BrandStyle.swift */,
			);
			path = Styling;
			sourceTree = "<group>";
		};
		905B027A2E374F6A1358A624 /* Shared */ = {
			isa = PBXGroup;
			children = (
				3BE82B241589C13EB2D07673 /* Components */,
				8B1F2FC311220B8355A6BBB8 /* Styling */,
			);
			path = Shared;
			sourceTree = "<group>";
		};
		9C3D60285D93509CC3B1A24A = {
			isa = PBXGroup;
			children = (
				E7465EE5C59E26E01615E5E0 /* Resources */,
				F789F657A3FE03A2426CA5C0 /* Sources */,
				A3C4BA5DB553E2B1D952F11D /* Tests */,
				C692337D1A0C0ABA54A95FCC /* UITests */,
				446AB3D710641B1614550EBA /* Products */,
			);
			sourceTree = "<group>";
		};
		A3C4BA5DB553E2B1D952F11D /* Tests */ = {
			isa = PBXGroup;
			children = (
				DC3EA81496444F192A65018D /* ParmaMasterTests.swift */,
			);
			path = Tests;
			sourceTree = "<group>";
		};
		B20E8C1A10BF697ED88DC820 /* Settings */ = {
			isa = PBXGroup;
			children = (
				E461511266F4FD4C3D7867BA /* AppearanceSettingsView.swift */,
				640DCC4F9396036DE0738E60 /* BackupResetSettingsView.swift */,
				51A5384166B7A02DBA907A3F /* BehaviourSettingsView.swift */,
				B3B72911C0E6A48CE60EE9CA /* LoggerSettingsView.swift */,
				9EBDE88F5834503B9AB59690 /* SettingsView.swift */,
			);
			path = Settings;
			sourceTree = "<group>";
		};
		B2D6E0A08A97B7EA886EEC04 /* Fonts */ = {
			isa = PBXGroup;
			children = (
				B80FC074FEC18457630BAC34 /* DMSerifDisplay-Regular.ttf */,
				56FA9FCE5DB667D681B553AB /* OFL.txt */,
			);
			path = Fonts;
			sourceTree = "<group>";
		};
		BAF7C76B71AB30A573F14DDA /* Logger */ = {
			isa = PBXGroup;
			children = (
				735AA8140169FDDBDD44C9A7 /* CameraPicker.swift */,
				EEC59AE87F6D1C492933CA5B /* LocationPickerView.swift */,
				961A15E36FFD8100A587394A /* LoggerView.swift */,
			);
			path = Logger;
			sourceTree = "<group>";
		};
		C692337D1A0C0ABA54A95FCC /* UITests */ = {
			isa = PBXGroup;
			children = (
				8C56003924358C1043B0507D /* ParmaMasterUITests.swift */,
			);
			path = UITests;
			sourceTree = "<group>";
		};
		E7465EE5C59E26E01615E5E0 /* Resources */ = {
			isa = PBXGroup;
			children = (
				AD0780C85DA71A117F6D7CBA /* Assets.xcassets */,
				B2D6E0A08A97B7EA886EEC04 /* Fonts */,
			);
			path = Resources;
			sourceTree = "<group>";
		};
		F789F657A3FE03A2426CA5C0 /* Sources */ = {
			isa = PBXGroup;
			children = (
				6124E4599E6A548905649698 /* App */,
				00155D0B6164B62972689E10 /* Features */,
				39C26FC9A7EB655EDB15B11A /* Models */,
				26D8F7BF49D908C2FDFA8413 /* Services */,
				905B027A2E374F6A1358A624 /* Shared */,
			);
			path = Sources;
			sourceTree = "<group>";
		};
/* End PBXGroup section */

/* Begin PBXNativeTarget section */
		5199AE7178AB17E24281C17A /* ParmaMaster */ = {
			isa = PBXNativeTarget;
			buildConfigurationList = F47F8164CB28186F5A671C8D /* Build configuration list for PBXNativeTarget "ParmaMaster" */;
			buildPhases = (
				2FA612F3DF1108B4CFBB7D0D /* Sources */,
				A535C19014DBB09BAD510617 /* Resources */,
			);
			buildRules = (
			);
			dependencies = (
			);
			name = ParmaMaster;
			packageProductDependencies = (
			);
			productName = ParmaMaster;
			productReference = 9AC293306AD1C85D1C6BB810 /* ParmaMaster.app */;
			productType = "com.apple.product-type.application";
		};
		6CBE10E243BAA60475E2E2C5 /* ParmaMasterUITests */ = {
			isa = PBXNativeTarget;
			buildConfigurationList = 8BC399BB97573048DA9846B9 /* Build configuration list for PBXNativeTarget "ParmaMasterUITests" */;
			buildPhases = (
				0664917AC7321395335BC915 /* Sources */,
			);
			buildRules = (
			);
			dependencies = (
				873BE40919EF5D0EE138A33E /* PBXTargetDependency */,
			);
			name = ParmaMasterUITests;
			packageProductDependencies = (
			);
			productName = ParmaMasterUITests;
			productReference = 22768068DF407CA3995EFE5E /* ParmaMasterUITests.xctest */;
			productType = "com.apple.product-type.bundle.ui-testing";
		};
		9BF5B34E18ED67B2EBBCC670 /* ParmaMasterTests */ = {
			isa = PBXNativeTarget;
			buildConfigurationList = E31E9F788893368A69E6526E /* Build configuration list for PBXNativeTarget "ParmaMasterTests" */;
			buildPhases = (
				6DF2745DC1EF086EDCE4171F /* Sources */,
			);
			buildRules = (
			);
			dependencies = (
				B78E2D1F8E1C23895C259C65 /* PBXTargetDependency */,
			);
			name = ParmaMasterTests;
			packageProductDependencies = (
			);
			productName = ParmaMasterTests;
			productReference = 4F8332D7B5F5D2805C3B7DCE /* ParmaMasterTests.xctest */;
			productType = "com.apple.product-type.bundle.unit-test";
		};
/* End PBXNativeTarget section */

/* Begin PBXProject section */
		0DBDBA717508C17E8CA456F8 /* Project object */ = {
			isa = PBXProject;
			attributes = {
				BuildIndependentTargetsInParallel = YES;
				LastUpgradeCheck = 1430;
				TargetAttributes = {
					5199AE7178AB17E24281C17A = {
						DevelopmentTeam = "";
						ProvisioningStyle = Automatic;
					};
					6CBE10E243BAA60475E2E2C5 = {
						DevelopmentTeam = "";
						ProvisioningStyle = Automatic;
						TestTargetID = 5199AE7178AB17E24281C17A;
					};
					9BF5B34E18ED67B2EBBCC670 = {
						DevelopmentTeam = "";
						ProvisioningStyle = Automatic;
					};
				};
			};
			buildConfigurationList = 6AE8112BF454CEEF898206F4 /* Build configuration list for PBXProject "ParmaMaster" */;
			developmentRegion = en;
			hasScannedForEncodings = 0;
			knownRegions = (
				Base,
				en,
			);
			mainGroup = 9C3D60285D93509CC3B1A24A;
			minimizedProjectReferenceProxies = 1;
			preferredProjectObjectVersion = 77;
			productRefGroup = 446AB3D710641B1614550EBA /* Products */;
			projectDirPath = "";
			projectRoot = "";
			targets = (
				5199AE7178AB17E24281C17A /* ParmaMaster */,
				9BF5B34E18ED67B2EBBCC670 /* ParmaMasterTests */,
				6CBE10E243BAA60475E2E2C5 /* ParmaMasterUITests */,
			);
		};
/* End PBXProject section */

/* Begin PBXResourcesBuildPhase section */
		A535C19014DBB09BAD510617 /* Resources */ = {
			isa = PBXResourcesBuildPhase;
			buildActionMask = 2147483647;
			files = (
				9E19221BC2497F51BB483377 /* Assets.xcassets in Resources */,
				CC32EC031D835DD06586D549 /* DMSerifDisplay-Regular.ttf in Resources */,
				BF91A7F28B04C537BF9BACAA /* OFL.txt in Resources */,
			);
			runOnlyForDeploymentPostprocessing = 0;
		};
/* End PBXResourcesBuildPhase section */

/* Begin PBXSourcesBuildPhase section */
		0664917AC7321395335BC915 /* Sources */ = {
			isa = PBXSourcesBuildPhase;
			buildActionMask = 2147483647;
			files = (
				8DD00E820B50949214E9BB2C /* ParmaMasterUITests.swift in Sources */,
			);
			runOnlyForDeploymentPostprocessing = 0;
		};
		2FA612F3DF1108B4CFBB7D0D /* Sources */ = {
			isa = PBXSourcesBuildPhase;
			buildActionMask = 2147483647;
			files = (
				1138FD2C91812044D8F2DCB5 /* AppRouter.swift in Sources */,
				62D3986BDD26167C0A3272B4 /* AppSettings.swift in Sources */,
				C144696961CE65A5DD3FED95 /* AppearanceSettingsView.swift in Sources */,
				A7AB29F13A7A44FB9D9CD0BF /* AspectFillImage.swift in Sources */,
				669C6766820B7CCE80FFDCEB /* BackupPayload.swift in Sources */,
				40CCD0ACD77E1A39788A5CDB /* BackupResetSettingsView.swift in Sources */,
				32098A36EE2C8F554C5414F3 /* BackupService.swift in Sources */,
				E65FE881603EF85575EF8D42 /* BehaviourSettingsView.swift in Sources */,
				C0C131319F726FDA6E411291 /* BrandStyle.swift in Sources */,
				79128168EB24C4EF78B6ECCE /* BrandedHeading.swift in Sources */,
				65F9D999D76780BEA41E495B /* CameraPicker.swift in Sources */,
				A1043C48E34F88BD3B9B8D85 /* ComponentScoreRow.swift in Sources */,
				DFFCE2D0DFD8C6365C8C5BD6 /* EmptyStateView.swift in Sources */,
				3048E630B187173DA350D215 /* EntryCard.swift in Sources */,
				ED8EBF051832CAC2267FBA89 /* EntryRepository.swift in Sources */,
				D874D58DB473A4A99AD01964 /* HomeView.swift in Sources */,
				F65066F55302A368C0D9898B /* LocationPickerView.swift in Sources */,
				FE49D193ACBCB5279FC62F56 /* LocationService.swift in Sources */,
				E47EFB882FD04F80935D8DDA /* LoggerSettingsView.swift in Sources */,
				066AC9BE65ED0A14C823CCF3 /* LoggerView.swift in Sources */,
				2212C5E2E74FF1C95D1701E2 /* MapSearchService.swift in Sources */,
				460B11E1E304BB346F0E465C /* NotificationService.swift in Sources */,
				5245841FD10BC3695B5F85D6 /* OnboardingFlowView.swift in Sources */,
				B8F342CE3D48AC1F2A8AE08D /* ParmaDetailsView.swift in Sources */,
				881FD69523D2456C206DF789 /* ParmaEntry.swift in Sources */,
				EA57807209718DE7606819FC /* ParmaLogView.swift in Sources */,
				9BDD68AD1D280766941E604B /* ParmaMasterApp.swift in Sources */,
				DA6E17DF9269FA89239AC837 /* PhotoStore.swift in Sources */,
				267FC2D1F3FC824223CEA3D3 /* PubDetectionService.swift in Sources */,
				40440C55F6A44953BDB9EDD6 /* RatingModels.swift in Sources */,
				836EA376FDB67B6B0A81E485 /* RootView.swift in Sources */,
				90795F2E18D1A6C1687D6808 /* ScoreDisplay.swift in Sources */,
				69FE5F3F72EE7D19DEE9CCE4 /* SearchEntriesView.swift in Sources */,
				5A33701AC4C3247A1EC89687 /* SettingsView.swift in Sources */,
				D39BE49236572F3529F2EDCB /* SortMenu.swift in Sources */,
				88413C6970B04B204AFC83D4 /* StoredPhotoView.swift in Sources */,
				AA05CDAAFB151B6F62E4156A /* VenueCandidate.swift in Sources */,
			);
			runOnlyForDeploymentPostprocessing = 0;
		};
		6DF2745DC1EF086EDCE4171F /* Sources */ = {
			isa = PBXSourcesBuildPhase;
			buildActionMask = 2147483647;
			files = (
				3BA839AE9729475A4520927C /* ParmaMasterTests.swift in Sources */,
			);
			runOnlyForDeploymentPostprocessing = 0;
		};
/* End PBXSourcesBuildPhase section */

/* Begin PBXTargetDependency section */
		873BE40919EF5D0EE138A33E /* PBXTargetDependency */ = {
			isa = PBXTargetDependency;
			target = 5199AE7178AB17E24281C17A /* ParmaMaster */;
			targetProxy = 0EC43700A931FC17DC01BF0D /* PBXContainerItemProxy */;
		};
		B78E2D1F8E1C23895C259C65 /* PBXTargetDependency */ = {
			isa = PBXTargetDependency;
			target = 5199AE7178AB17E24281C17A /* ParmaMaster */;
			targetProxy = C3773955B3AEC0BC6C3CA9C0 /* PBXContainerItemProxy */;
		};
/* End PBXTargetDependency section */

/* Begin XCBuildConfiguration section */
		3624A00AA6D960E173CC6A51 /* Debug */ = {
			isa = XCBuildConfiguration;
			buildSettings = {
				BUNDLE_LOADER = "$(TEST_HOST)";
				GENERATE_INFOPLIST_FILE = YES;
				LD_RUNPATH_SEARCH_PATHS = (
					"$(inherited)",
					"@executable_path/Frameworks",
					"@loader_path/Frameworks",
				);
				PRODUCT_BUNDLE_IDENTIFIER = com.example.ParmaMasterUITests;
				SDKROOT = iphoneos;
				TARGETED_DEVICE_FAMILY = "1,2";
				TEST_TARGET_NAME = ParmaMaster;
			};
			name = Debug;
		};
		8AA7EEACD6E49450A97EFC00 /* Release */ = {
			isa = XCBuildConfiguration;
			buildSettings = {
				BUNDLE_LOADER = "$(TEST_HOST)";
				GENERATE_INFOPLIST_FILE = YES;
				LD_RUNPATH_SEARCH_PATHS = (
					"$(inherited)",
					"@executable_path/Frameworks",
					"@loader_path/Frameworks",
				);
				PRODUCT_BUNDLE_IDENTIFIER = com.example.ParmaMasterTests;
				SDKROOT = iphoneos;
				TARGETED_DEVICE_FAMILY = "1,2";
				TEST_HOST = "$(BUILT_PRODUCTS_DIR)/ParmaMaster.app/ParmaMaster";
			};
			name = Release;
		};
		8C75EACD1BABF6103E0565A2 /* Debug */ = {
			isa = XCBuildConfiguration;
			buildSettings = {
				BUNDLE_LOADER = "$(TEST_HOST)";
				GENERATE_INFOPLIST_FILE = YES;
				LD_RUNPATH_SEARCH_PATHS = (
					"$(inherited)",
					"@executable_path/Frameworks",
					"@loader_path/Frameworks",
				);
				PRODUCT_BUNDLE_IDENTIFIER = com.example.ParmaMasterTests;
				SDKROOT = iphoneos;
				TARGETED_DEVICE_FAMILY = "1,2";
				TEST_HOST = "$(BUILT_PRODUCTS_DIR)/ParmaMaster.app/ParmaMaster";
			};
			name = Debug;
		};
		932675A12D505018C129ECF6 /* Debug */ = {
			isa = XCBuildConfiguration;
			buildSettings = {
				ALWAYS_SEARCH_USER_PATHS = NO;
				CLANG_ANALYZER_NONNULL = YES;
				CLANG_ANALYZER_NUMBER_OBJECT_CONVERSION = YES_AGGRESSIVE;
				CLANG_CXX_LANGUAGE_STANDARD = "gnu++14";
				CLANG_CXX_LIBRARY = "libc++";
				CLANG_ENABLE_MODULES = YES;
				CLANG_ENABLE_OBJC_ARC = YES;
				CLANG_ENABLE_OBJC_WEAK = YES;
				CLANG_WARN_BLOCK_CAPTURE_AUTORELEASING = YES;
				CLANG_WARN_BOOL_CONVERSION = YES;
				CLANG_WARN_COMMA = YES;
				CLANG_WARN_CONSTANT_CONVERSION = YES;
				CLANG_WARN_DEPRECATED_OBJC_IMPLEMENTATIONS = YES;
				CLANG_WARN_DIRECT_OBJC_ISA_USAGE = YES_ERROR;
				CLANG_WARN_DOCUMENTATION_COMMENTS = YES;
				CLANG_WARN_EMPTY_BODY = YES;
				CLANG_WARN_ENUM_CONVERSION = YES;
				CLANG_WARN_INFINITE_RECURSION = YES;
				CLANG_WARN_INT_CONVERSION = YES;
				CLANG_WARN_NON_LITERAL_NULL_CONVERSION = YES;
				CLANG_WARN_OBJC_IMPLICIT_RETAIN_SELF = YES;
				CLANG_WARN_OBJC_LITERAL_CONVERSION = YES;
				CLANG_WARN_OBJC_ROOT_CLASS = YES_ERROR;
				CLANG_WARN_QUOTED_INCLUDE_IN_FRAMEWORK_HEADER = YES;
				CLANG_WARN_RANGE_LOOP_ANALYSIS = YES;
				CLANG_WARN_STRICT_PROTOTYPES = YES;
				CLANG_WARN_SUSPICIOUS_MOVE = YES;
				CLANG_WARN_UNGUARDED_AVAILABILITY = YES_AGGRESSIVE;
				CLANG_WARN_UNREACHABLE_CODE = YES;
				CLANG_WARN__DUPLICATE_METHOD_MATCH = YES;
				CODE_SIGN_STYLE = Automatic;
				COPY_PHASE_STRIP = NO;
				DEBUG_INFORMATION_FORMAT = dwarf;
				DEVELOPMENT_TEAM = "";
				ENABLE_STRICT_OBJC_MSGSEND = YES;
				ENABLE_TESTABILITY = YES;
				GCC_C_LANGUAGE_STANDARD = gnu11;
				GCC_DYNAMIC_NO_PIC = NO;
				GCC_NO_COMMON_BLOCKS = YES;
				GCC_OPTIMIZATION_LEVEL = 0;
				GCC_PREPROCESSOR_DEFINITIONS = (
					"$(inherited)",
					"DEBUG=1",
				);
				GCC_WARN_64_TO_32_BIT_CONVERSION = YES;
				GCC_WARN_ABOUT_RETURN_TYPE = YES_ERROR;
				GCC_WARN_UNDECLARED_SELECTOR = YES;
				GCC_WARN_UNINITIALIZED_AUTOS = YES_AGGRESSIVE;
				GCC_WARN_UNUSED_FUNCTION = YES;
				GCC_WARN_UNUSED_VARIABLE = YES;
				IPHONEOS_DEPLOYMENT_TARGET = 26.0;
				MTL_ENABLE_DEBUG_INFO = INCLUDE_SOURCE;
				MTL_FAST_MATH = YES;
				ONLY_ACTIVE_ARCH = YES;
				PRODUCT_NAME = "$(TARGET_NAME)";
				SDKROOT = iphoneos;
				SUPPORTS_MACCATALYST = NO;
				SWIFT_ACTIVE_COMPILATION_CONDITIONS = DEBUG;
				SWIFT_OPTIMIZATION_LEVEL = "-Onone";
				SWIFT_VERSION = 6.0;
				TARGETED_DEVICE_FAMILY = 1;
			};
			name = Debug;
		};
		CC47201BA694C950FD96B8DC /* Release */ = {
			isa = XCBuildConfiguration;
			buildSettings = {
				ALWAYS_SEARCH_USER_PATHS = NO;
				CLANG_ANALYZER_NONNULL = YES;
				CLANG_ANALYZER_NUMBER_OBJECT_CONVERSION = YES_AGGRESSIVE;
				CLANG_CXX_LANGUAGE_STANDARD = "gnu++14";
				CLANG_CXX_LIBRARY = "libc++";
				CLANG_ENABLE_MODULES = YES;
				CLANG_ENABLE_OBJC_ARC = YES;
				CLANG_ENABLE_OBJC_WEAK = YES;
				CLANG_WARN_BLOCK_CAPTURE_AUTORELEASING = YES;
				CLANG_WARN_BOOL_CONVERSION = YES;
				CLANG_WARN_COMMA = YES;
				CLANG_WARN_CONSTANT_CONVERSION = YES;
				CLANG_WARN_DEPRECATED_OBJC_IMPLEMENTATIONS = YES;
				CLANG_WARN_DIRECT_OBJC_ISA_USAGE = YES_ERROR;
				CLANG_WARN_DOCUMENTATION_COMMENTS = YES;
				CLANG_WARN_EMPTY_BODY = YES;
				CLANG_WARN_ENUM_CONVERSION = YES;
				CLANG_WARN_INFINITE_RECURSION = YES;
				CLANG_WARN_INT_CONVERSION = YES;
				CLANG_WARN_NON_LITERAL_NULL_CONVERSION = YES;
				CLANG_WARN_OBJC_IMPLICIT_RETAIN_SELF = YES;
				CLANG_WARN_OBJC_LITERAL_CONVERSION = YES;
				CLANG_WARN_OBJC_ROOT_CLASS = YES_ERROR;
				CLANG_WARN_QUOTED_INCLUDE_IN_FRAMEWORK_HEADER = YES;
				CLANG_WARN_RANGE_LOOP_ANALYSIS = YES;
				CLANG_WARN_STRICT_PROTOTYPES = YES;
				CLANG_WARN_SUSPICIOUS_MOVE = YES;
				CLANG_WARN_UNGUARDED_AVAILABILITY = YES_AGGRESSIVE;
				CLANG_WARN_UNREACHABLE_CODE = YES;
				CLANG_WARN__DUPLICATE_METHOD_MATCH = YES;
				CODE_SIGN_STYLE = Automatic;
				COPY_PHASE_STRIP = NO;
				DEBUG_INFORMATION_FORMAT = "dwarf-with-dsym";
				DEVELOPMENT_TEAM = "";
				ENABLE_NS_ASSERTIONS = NO;
				ENABLE_STRICT_OBJC_MSGSEND = YES;
				GCC_C_LANGUAGE_STANDARD = gnu11;
				GCC_NO_COMMON_BLOCKS = YES;
				GCC_WARN_64_TO_32_BIT_CONVERSION = YES;
				GCC_WARN_ABOUT_RETURN_TYPE = YES_ERROR;
				GCC_WARN_UNDECLARED_SELECTOR = YES;
				GCC_WARN_UNINITIALIZED_AUTOS = YES_AGGRESSIVE;
				GCC_WARN_UNUSED_FUNCTION = YES;
				GCC_WARN_UNUSED_VARIABLE = YES;
				IPHONEOS_DEPLOYMENT_TARGET = 26.0;
				MTL_ENABLE_DEBUG_INFO = NO;
				MTL_FAST_MATH = YES;
				PRODUCT_NAME = "$(TARGET_NAME)";
				SDKROOT = iphoneos;
				SUPPORTS_MACCATALYST = NO;
				SWIFT_COMPILATION_MODE = wholemodule;
				SWIFT_OPTIMIZATION_LEVEL = "-O";
				SWIFT_VERSION = 6.0;
				TARGETED_DEVICE_FAMILY = 1;
			};
			name = Release;
		};
		D0E92CCCA22CCBB198EE95EA /* Release */ = {
			isa = XCBuildConfiguration;
			buildSettings = {
				BUNDLE_LOADER = "$(TEST_HOST)";
				GENERATE_INFOPLIST_FILE = YES;
				LD_RUNPATH_SEARCH_PATHS = (
					"$(inherited)",
					"@executable_path/Frameworks",
					"@loader_path/Frameworks",
				);
				PRODUCT_BUNDLE_IDENTIFIER = com.example.ParmaMasterUITests;
				SDKROOT = iphoneos;
				TARGETED_DEVICE_FAMILY = "1,2";
				TEST_TARGET_NAME = ParmaMaster;
			};
			name = Release;
		};
		D75EA14084706756DB0E3199 /* Release */ = {
			isa = XCBuildConfiguration;
			buildSettings = {
				ASSETCATALOG_COMPILER_APPICON_NAME = AppIcon;
				ASSETCATALOG_COMPILER_GLOBAL_ACCENT_COLOR_NAME = AccentColor;
				CODE_SIGN_IDENTITY = "iPhone Developer";
				GENERATE_INFOPLIST_FILE = NO;
				INFOPLIST_FILE = Resources/Info.plist;
				LD_RUNPATH_SEARCH_PATHS = (
					"$(inherited)",
					"@executable_path/Frameworks",
				);
				PRODUCT_BUNDLE_IDENTIFIER = com.example.ParmaMaster;
				SDKROOT = iphoneos;
				TARGETED_DEVICE_FAMILY = "1,2";
			};
			name = Release;
		};
		E100ADEB5D6183737A51CB75 /* Debug */ = {
			isa = XCBuildConfiguration;
			buildSettings = {
				ASSETCATALOG_COMPILER_APPICON_NAME = AppIcon;
				ASSETCATALOG_COMPILER_GLOBAL_ACCENT_COLOR_NAME = AccentColor;
				CODE_SIGN_IDENTITY = "iPhone Developer";
				GENERATE_INFOPLIST_FILE = NO;
				INFOPLIST_FILE = Resources/Info.plist;
				LD_RUNPATH_SEARCH_PATHS = (
					"$(inherited)",
					"@executable_path/Frameworks",
				);
				PRODUCT_BUNDLE_IDENTIFIER = com.example.ParmaMaster;
				SDKROOT = iphoneos;
				TARGETED_DEVICE_FAMILY = "1,2";
			};
			name = Debug;
		};
/* End XCBuildConfiguration section */

/* Begin XCConfigurationList section */
		6AE8112BF454CEEF898206F4 /* Build configuration list for PBXProject "ParmaMaster" */ = {
			isa = XCConfigurationList;
			buildConfigurations = (
				932675A12D505018C129ECF6 /* Debug */,
				CC47201BA694C950FD96B8DC /* Release */,
			);
			defaultConfigurationIsVisible = 0;
			defaultConfigurationName = Debug;
		};
		8BC399BB97573048DA9846B9 /* Build configuration list for PBXNativeTarget "ParmaMasterUITests" */ = {
			isa = XCConfigurationList;
			buildConfigurations = (
				3624A00AA6D960E173CC6A51 /* Debug */,
				D0E92CCCA22CCBB198EE95EA /* Release */,
			);
			defaultConfigurationIsVisible = 0;
			defaultConfigurationName = Debug;
		};
		E31E9F788893368A69E6526E /* Build configuration list for PBXNativeTarget "ParmaMasterTests" */ = {
			isa = XCConfigurationList;
			buildConfigurations = (
				8C75EACD1BABF6103E0565A2 /* Debug */,
				8AA7EEACD6E49450A97EFC00 /* Release */,
			);
			defaultConfigurationIsVisible = 0;
			defaultConfigurationName = Debug;
		};
		F47F8164CB28186F5A671C8D /* Build configuration list for PBXNativeTarget "ParmaMaster" */ = {
			isa = XCConfigurationList;
			buildConfigurations = (
				E100ADEB5D6183737A51CB75 /* Debug */,
				D75EA14084706756DB0E3199 /* Release */,
			);
			defaultConfigurationIsVisible = 0;
			defaultConfigurationName = Debug;
		};
/* End XCConfigurationList section */
	};
	rootObject = 0DBDBA717508C17E8CA456F8 /* Project object */;
}
